// !$*UTF8*$!
{
	archiveVersion = 1;
	classes = {
	};
	objectVersion = 77;
	objects = {

/* Begin PBXBuildFile section */
		C108EEFD2CCFE51600FCB1AC /* ComposableArchitecture in Frameworks */ = {isa = PBXBuildFile; productRef = C108EEFC2CCFE51600FCB1AC /* ComposableArchitecture */; };
/* End PBXBuildFile section */

/* Begin PBXContainerItemProxy section */
		C108EEB52CCFE00000FCB1AC /* PBXContainerItemProxy */ = {
			isa = PBXContainerItemProxy;
			containerPortal = C108EE9C2CCFDFFF00FCB1AC /* Project object */;
			proxyType = 1;
			remoteGlobalIDString = C108EEA32CCFDFFF00FCB1AC;
			remoteInfo = TCATutorialNavigation;
		};
		C108EEBF2CCFE00000FCB1AC /* PBXContainerItemProxy */ = {
			isa = PBXContainerItemProxy;
			containerPortal = C108EE9C2CCFDFFF00FCB1AC /* Project object */;
			proxyType = 1;
			remoteGlobalIDString = C108EEA32CCFDFFF00FCB1AC;
			remoteInfo = TCATutorialNavigation;
		};
/* End PBXContainerItemProxy section */

/* Begin PBXFileReference section */
		C108EEA42CCFDFFF00FCB1AC /* TCATutorialNavigation.app */ = {isa = PBXFileReference; explicitFileType = wrapper.application; includeInIndex = 0; path = TCATutorialNavigation.app; sourceTree = BUILT_PRODUCTS_DIR; };
		C108EEB42CCFE00000FCB1AC /* TCATutorialNavigationTests.xctest */ = {isa = PBXFileReference; explicitFileType = wrapper.cfbundle; includeInIndex = 0; path = TCATutorialNavigationTests.xctest; sourceTree = BUILT_PRODUCTS_DIR; };
		C108EEBE2CCFE00000FCB1AC /* TCATutorialNavigationUITests.xctest */ = {isa = PBXFileReference; explicitFileType = wrapper.cfbundle; includeInIndex = 0; path = TCATutorialNavigationUITests.xctest; sourceTree = BUILT_PRODUCTS_DIR; };
/* End PBXFileReference section */

/* Begin PBXFileSystemSynchronizedRootGroup section */
		C108EEA62CCFDFFF00FCB1AC /* TCATutorialNavigation */ = {
			isa = PBXFileSystemSynchronizedRootGroup;
			path = TCATutorialNavigation;
			sourceTree = "<group>";
		};
		C108EEB72CCFE00000FCB1AC /* TCATutorialNavigationTests */ = {
			isa = PBXFileSystemSynchronizedRootGroup;
			path = TCATutorialNavigationTests;
			sourceTree = "<group>";
		};
		C108EEC12CCFE00000FCB1AC /* TCATutorialNavigationUITests */ = {
			isa = PBXFileSystemSynchronizedRootGroup;
			path = TCATutorialNavigationUITests;
			sourceTree = "<group>";
		};
/* End PBXFileSystemSynchronizedRootGroup section */

/* Begin PBXFrameworksBuildPhase section */
		C108EEA12CCFDFFF00FCB1AC /* Frameworks */ = {
			isa = PBXFrameworksBuildPhase;
			buildActionMask = 2147483647;
			files = (
				C108EEFD2CCFE51600FCB1AC /* ComposableArchitecture in Frameworks */,
			);
			runOnlyForDeploymentPostprocessing = 0;
		};
		C108EEB12CCFE00000FCB1AC /* Frameworks */ = {
			isa = PBXFrameworksBuildPhase;
			buildActionMask = 2147483647;
			files = (
			);
			runOnlyForDeploymentPostprocessing = 0;
		};
		C108EEBB2CCFE00000FCB1AC /* Frameworks */ = {
			isa = PBXFrameworksBuildPhase;
			buildActionMask = 2147483647;
			files = (
			);
			runOnlyForDeploymentPostprocessing = 0;
		};
/* End PBXFrameworksBuildPhase section */

/* Begin PBXGroup section */
		C108EE9B2CCFDFFF00FCB1AC = {
			isa = PBXGroup;
			children = (
				C108EEA62CCFDFFF00FCB1AC /* TCATutorialNavigation */,
				C108EEB72CCFE00000FCB1AC /* TCATutorialNavigationTests */,
				C108EEC12CCFE00000FCB1AC /* TCATutorialNavigationUITests */,
				C108EEA52CCFDFFF00FCB1AC /* Products */,
			);
			sourceTree = "<group>";
		};
		C108EEA52CCFDFFF00FCB1AC /* Products */ = {
			isa = PBXGroup;
			children = (
				C108EEA42CCFDFFF00FCB1AC /* TCATutorialNavigation.app */,
				C108EEB42CCFE00000FCB1AC /* TCATutorialNavigationTests.xctest */,
				C108EEBE2CCFE00000FCB1AC /* TCATutorialNavigationUITests.xctest */,
			);
			name = Products;
			sourceTree = "<group>";
		};
/* End PBXGroup section */

/* Begin PBXNativeTarget section */
		C108EEA32CCFDFFF00FCB1AC /* TCATutorialNavigation */ = {
			isa = PBXNativeTarget;
			buildConfigurationList = C108EEC82CCFE00000FCB1AC /* Build configuration list for PBXNativeTarget "TCATutorialNavigation" */;
			buildPhases = (
				C108EEA02CCFDFFF00FCB1AC /* Sources */,
				C108EEA12CCFDFFF00FCB1AC /* Frameworks */,
				C108EEA22CCFDFFF00FCB1AC /* Resources */,
			);
			buildRules = (
			);
			dependencies = (
			);
			fileSystemSynchronizedGroups = (
				C108EEA62CCFDFFF00FCB1AC /* TCATutorialNavigation */,
			);
			name = TCATutorialNavigation;
			packageProductDependencies = (
				C108EEFC2CCFE51600FCB1AC /* ComposableArchitecture */,
			);
			productName = TCATutorialNavigation;
			productReference = C108EEA42CCFDFFF00FCB1AC /* TCATutorialNavigation.app */;
			productType = "com.apple.product-type.application";
		};
		C108EEB32CCFE00000FCB1AC /* TCATutorialNavigationTests */ = {
			isa = PBXNativeTarget;
			buildConfigurationList = C108EECB2CCFE00000FCB1AC /* Build configuration list for PBXNativeTarget "TCATutorialNavigationTests" */;
			buildPhases = (
				C108EEB02CCFE00000FCB1AC /* Sources */,
				C108EEB12CCFE00000FCB1AC /* Frameworks */,
				C108EEB22CCFE00000FCB1AC /* Resources */,
			);
			buildRules = (
			);
			dependencies = (
				C108EEB62CCFE00000FCB1AC /* PBXTargetDependency */,
			);
			fileSystemSynchronizedGroups = (
				C108EEB72CCFE00000FCB1AC /* TCATutorialNavigationTests */,
			);
			name = TCATutorialNavigationTests;
			packageProductDependencies = (
			);
			productName = TCATutorialNavigationTests;
			productReference = C108EEB42CCFE00000FCB1AC /* TCATutorialNavigationTests.xctest */;
			productType = "com.apple.product-type.bundle.unit-test";
		};
		C108EEBD2CCFE00000FCB1AC /* TCATutorialNavigationUITests */ = {
			isa = PBXNativeTarget;
			buildConfigurationList = C108EECE2CCFE00000FCB1AC /* Build configuration list for PBXNativeTarget "TCATutorialNavigationUITests" */;
			buildPhases = (
				C108EEBA2CCFE00000FCB1AC /* Sources */,
				C108EEBB2CCFE00000FCB1AC /* Frameworks */,
				C108EEBC2CCFE00000FCB1AC /* Resources */,
			);
			buildRules = (
			);
			dependencies = (
				C108EEC02CCFE00000FCB1AC /* PBXTargetDependency */,
			);
			fileSystemSynchronizedGroups = (
				C108EEC12CCFE00000FCB1AC /* TCATutorialNavigationUITests */,
			);
			name = TCATutorialNavigationUITests;
			packageProductDependencies = (
			);
			productName = TCATutorialNavigationUITests;
			productReference = C108EEBE2CCFE00000FCB1AC /* TCATutorialNavigationUITests.xctest */;
			productType = "com.apple.product-type.bundle.ui-testing";
		};
/* End PBXNativeTarget section */

/* Begin PBXProject section */
		C108EE9C2CCFDFFF00FCB1AC /* Project object */ = {
			isa = PBXProject;
			attributes = {
				BuildIndependentTargetsInParallel = 1;
				LastSwiftUpdateCheck = 1600;
				LastUpgradeCheck = 1600;
				TargetAttributes = {
					C108EEA32CCFDFFF00FCB1AC = {
						CreatedOnToolsVersion = 16.0;
					};
					C108EEB32CCFE00000FCB1AC = {
						CreatedOnToolsVersion = 16.0;
						TestTargetID = C108EEA32CCFDFFF00FCB1AC;
					};
					C108EEBD2CCFE00000FCB1AC = {
						CreatedOnToolsVersion = 16.0;
						TestTargetID = C108EEA32CCFDFFF00FCB1AC;
					};
				};
			};
			buildConfigurationList = C108EE9F2CCFDFFF00FCB1AC /* Build configuration list for PBXProject "TCATutorialNavigation" */;
			developmentRegion = en;
			hasScannedForEncodings = 0;
			knownRegions = (
				en,
				Base,
			);
			mainGroup = C108EE9B2CCFDFFF00FCB1AC;
			minimizedProjectReferenceProxies = 1;
			packageReferences = (
				C108EED12CCFE0FA00FCB1AC /* XCRemoteSwiftPackageReference "swift-composable-architecture" */,
			);
			preferredProjectObjectVersion = 77;
			productRefGroup = C108EEA52CCFDFFF00FCB1AC /* Products */;
			projectDirPath = "";
			projectRoot = "";
			targets = (
				C108EEA32CCFDFFF00FCB1AC /* TCATutorialNavigation */,
				C108EEB32CCFE00000FCB1AC /* TCATutorialNavigationTests */,
				C108EEBD2CCFE00000FCB1AC /* TCATutorialNavigationUITests */,
			);
		};
/* End PBXProject section */

/* Begin PBXResourcesBuildPhase section */
		C108EEA22CCFDFFF00FCB1AC /* Resources */ = {
			isa = PBXResourcesBuildPhase;
			buildActionMask = 2147483647;
			files = (
			);
			runOnlyForDeploymentPostprocessing = 0;
		};
		C108EEB22CCFE00000FCB1AC /* Resources */ = {
			isa = PBXResourcesBuildPhase;
			buildActionMask = 2147483647;
			files = (
			);
			runOnlyForDeploymentPostprocessing = 0;
		};
		C108EEBC2CCFE00000FCB1AC /* Resources */ = {
			isa = PBXResourcesBuildPhase;
			buildActionMask = 2147483647;
			files = (
			);
			runOnlyForDeploymentPostprocessing = 0;
		};
/* End PBXResourcesBuildPhase section */

/* Begin PBXSourcesBuildPhase section */
		C108EEA02CCFDFFF00FCB1AC /* Sources */ = {
			isa = PBXSourcesBuildPhase;
			buildActionMask = 2147483647;
			files = (
			);
			runOnlyForDeploymentPostprocessing = 0;
		};
		C108EEB02CCFE00000FCB1AC /* Sources */ = {
			isa = PBXSourcesBuildPhase;
			buildActionMask = 2147483647;
			files = (
			);
			runOnlyForDeploymentPostprocessing = 0;
		};
		C108EEBA2CCFE00000FCB1AC /* Sources */ = {
			isa = PBXSourcesBuildPhase;
			buildActionMask = 2147483647;
			files = (
			);
			runOnlyForDeploymentPostprocessing = 0;
		};
/* End PBXSourcesBuildPhase section */

/* Begin PBXTargetDependency section */
		C108EEB62CCFE00000FCB1AC /* PBXTargetDependency */ = {
			isa = PBXTargetDependency;
			target = C108EEA32CCFDFFF00FCB1AC /* TCATutorialNavigation */;
			targetProxy = C108EEB52CCFE00000FCB1AC /* PBXContainerItemProxy */;
		};
		C108EEC02CCFE00000FCB1AC /* PBXTargetDependency */ = {
			isa = PBXTargetDependency;
			target = C108EEA32CCFDFFF00FCB1AC /* TCATutorialNavigation */;
			targetProxy = C108EEBF2CCFE00000FCB1AC /* PBXContainerItemProxy */;
		};
/* End PBXTargetDependency section */

/* Begin XCBuildConfiguration section */
		C108EEC62CCFE00000FCB1AC /* Debug */ = {
			isa = XCBuildConfiguration;
			buildSettings = {
				ALWAYS_SEARCH_USER_PATHS = NO;
				ASSETCATALOG_COMPILER_GENERATE_SWIFT_ASSET_SYMBOL_EXTENSIONS = YES;
				CLANG_ANALYZER_NONNULL = YES;
				CLANG_ANALYZER_NUMBER_OBJECT_CONVERSION = YES_AGGRESSIVE;
				CLANG_CXX_LANGUAGE_STANDARD = "gnu++20";
				CLANG_ENABLE_MODULES = YES;
				CLANG_ENABLE_OBJC_ARC = YES;
				CLANG_ENABLE_OBJC_WEAK = YES;
				CLANG_WARN_BLOCK_CAPTURE_AUTORELEASING = YES;
				CLANG_WARN_BOOL_CONVERSION = YES;
				CLANG_WARN_COMMA = YES;
				CLANG_WARN_CONSTANT_CONVERSION = YES;
				CLANG_WARN_DEPRECATED_OBJC_IMPLEMENTATIONS = YES;
				CLANG_WARN_DIRECT_OBJC_ISA_USAGE = YES_ERROR;
				CLANG_WARN_DOCUMENTATION_COMMENTS = YES;
				CLANG_WARN_EMPTY_BODY = YES;
				CLANG_WARN_ENUM_CONVERSION = YES;
				CLANG_WARN_INFINITE_RECURSION = YES;
				CLANG_WARN_INT_CONVERSION = YES;
				CLANG_WARN_NON_LITERAL_NULL_CONVERSION = YES;
				CLANG_WARN_OBJC_IMPLICIT_RETAIN_SELF = YES;
				CLANG_WARN_OBJC_LITERAL_CONVERSION = YES;
				CLANG_WARN_OBJC_ROOT_CLASS = YES_ERROR;
				CLANG_WARN_QUOTED_INCLUDE_IN_FRAMEWORK_HEADER = YES;
				CLANG_WARN_RANGE_LOOP_ANALYSIS = YES;
				CLANG_WARN_STRICT_PROTOTYPES = YES;
				CLANG_WARN_SUSPICIOUS_MOVE = YES;
				CLANG_WARN_UNGUARDED_AVAILABILITY = YES_AGGRESSIVE;
				CLANG_WARN_UNREACHABLE_CODE = YES;
				CLANG_WARN__DUPLICATE_METHOD_MATCH = YES;
				COPY_PHASE_STRIP = NO;
				DEBUG_INFORMATION_FORMAT = dwarf;
				ENABLE_STRICT_OBJC_MSGSEND = YES;
				ENABLE_TESTABILITY = YES;
				ENABLE_USER_SCRIPT_SANDBOXING = YES;
				GCC_C_LANGUAGE_STANDARD = gnu17;
				GCC_DYNAMIC_NO_PIC = NO;
				GCC_NO_COMMON_BLOCKS = YES;
				GCC_OPTIMIZATION_LEVEL = 0;
				GCC_PREPROCESSOR_DEFINITIONS = (
					"DEBUG=1",
					"$(inherited)",
				);
				GCC_WARN_64_TO_32_BIT_CONVERSION = YES;
				GCC_WARN_ABOUT_RETURN_TYPE = YES_ERROR;
				GCC_WARN_UNDECLARED_SELECTOR = YES;
				GCC_WARN_UNINITIALIZED_AUTOS = YES_AGGRESSIVE;
				GCC_WARN_UNUSED_FUNCTION = YES;
				GCC_WARN_UNUSED_VARIABLE = YES;
				IPHONEOS_DEPLOYMENT_TARGET = 18.0;
				LOCALIZATION_PREFERS_STRING_CATALOGS = YES;
				MTL_ENABLE_DEBUG_INFO = INCLUDE_SOURCE;
				MTL_FAST_MATH = YES;
				ONLY_ACTIVE_ARCH = YES;
				SDKROOT = iphoneos;
				SWIFT_ACTIVE_COMPILATION_CONDITIONS = "DEBUG $(inherited)";
				SWIFT_OPTIMIZATION_LEVEL = "-Onone";
			};
			name = Debug;
		};
		C108EEC72CCFE00000FCB1AC /* Release */ = {
			isa = XCBuildConfiguration;
			buildSettings = {
				ALWAYS_SEARCH_USER_PATHS = NO;
				ASSETCATALOG_COMPILER_GENERATE_SWIFT_ASSET_SYMBOL_EXTENSIONS = YES;
				CLANG_ANALYZER_NONNULL = YES;
				CLANG_ANALYZER_NUMBER_OBJECT_CONVERSION = YES_AGGRESSIVE;
				CLANG_CXX_LANGUAGE_STANDARD = "gnu++20";
				CLANG_ENABLE_MODULES = YES;
				CLANG_ENABLE_OBJC_ARC = YES;
				CLANG_ENABLE_OBJC_WEAK = YES;
				CLANG_WARN_BLOCK_CAPTURE_AUTORELEASING = YES;
				CLANG_WARN_BOOL_CONVERSION = YES;
				CLANG_WARN_COMMA = YES;
				CLANG_WARN_CONSTANT_CONVERSION = YES;
				CLANG_WARN_DEPRECATED_OBJC_IMPLEMENTATIONS = YES;
				CLANG_WARN_DIRECT_OBJC_ISA_USAGE = YES_ERROR;
				CLANG_WARN_DOCUMENTATION_COMMENTS = YES;
				CLANG_WARN_EMPTY_BODY = YES;
				CLANG_WARN_ENUM_CONVERSION = YES;
				CLANG_WARN_INFINITE_RECURSION = YES;
				CLANG_WARN_INT_CONVERSION = YES;
				CLANG_WARN_NON_LITERAL_NULL_CONVERSION = YES;
				CLANG_WARN_OBJC_IMPLICIT_RETAIN_SELF = YES;
				CLANG_WARN_OBJC_LITERAL_CONVERSION = YES;
				CLANG_WARN_OBJC_ROOT_CLASS = YES_ERROR;
				CLANG_WARN_QUOTED_INCLUDE_IN_FRAMEWORK_HEADER = YES;
				CLANG_WARN_RANGE_LOOP_ANALYSIS = YES;
				CLANG_WARN_STRICT_PROTOTYPES = YES;
				CLANG_WARN_SUSPICIOUS_MOVE = YES;
				CLANG_WARN_UNGUARDED_AVAILABILITY = YES_AGGRESSIVE;
				CLANG_WARN_UNREACHABLE_CODE = YES;
				CLANG_WARN__DUPLICATE_METHOD_MATCH = YES;
				COPY_PHASE_STRIP = NO;
				DEBUG_INFORMATION_FORMAT = "dwarf-with-dsym";
				ENABLE_NS_ASSERTIONS = NO;
				ENABLE_STRICT_OBJC_MSGSEND = YES;
				ENABLE_USER_SCRIPT_SANDBOXING = YES;
				GCC_C_LANGUAGE_STANDARD = gnu17;
				GCC_NO_COMMON_BLOCKS = YES;
				GCC_WARN_64_TO_32_BIT_CONVERSION = YES;
				GCC_WARN_ABOUT_RETURN_TYPE = YES_ERROR;
				GCC_WARN_UNDECLARED_SELECTOR = YES;
				GCC_WARN_UNINITIALIZED_AUTOS = YES_AGGRESSIVE;
				GCC_WARN_UNUSED_FUNCTION = YES;
				GCC_WARN_UNUSED_VARIABLE = YES;
				IPHONEOS_DEPLOYMENT_TARGET = 18.0;
				LOCALIZATION_PREFERS_STRING_CATALOGS = YES;
				MTL_ENABLE_DEBUG_INFO = NO;
				MTL_FAST_MATH = YES;
				SDKROOT = iphoneos;
				SWIFT_COMPILATION_MODE = wholemodule;
				VALIDATE_PRODUCT = YES;
			};
			name = Release;
		};
		C108EEC92CCFE00000FCB1AC /* Debug */ = {
			isa = XCBuildConfiguration;
			buildSettings = {
				ASSETCATALOG_COMPILER_APPICON_NAME = AppIcon;
				ASSETCATALOG_COMPILER_GLOBAL_ACCENT_COLOR_NAME = AccentColor;
				CODE_SIGN_STYLE = Automatic;
				CURRENT_PROJECT_VERSION = 1;
				DEVELOPMENT_ASSET_PATHS = "\"TCATutorialNavigation/Preview Content\"";
				ENABLE_PREVIEWS = YES;
				GENERATE_INFOPLIST_FILE = YES;
				INFOPLIST_KEY_UIApplicationSceneManifest_Generation = YES;
				INFOPLIST_KEY_UIApplicationSupportsIndirectInputEvents = YES;
				INFOPLIST_KEY_UILaunchScreen_Generation = YES;
				INFOPLIST_KEY_UISupportedInterfaceOrientations_iPad = "UIInterfaceOrientationPortrait UIInterfaceOrientationPortraitUpsideDown UIInterfaceOrientationLandscapeLeft UIInterfaceOrientationLandscapeRight";
				INFOPLIST_KEY_UISupportedInterfaceOrientations_iPhone = "UIInterfaceOrientationPortrait UIInterfaceOrientationLandscapeLeft UIInterfaceOrientationLandscapeRight";
				LD_RUNPATH_SEARCH_PATHS = (
					"$(inherited)",
					"@executable_path/Frameworks",
				);
				MARKETING_VERSION = 1.0;
				PRODUCT_BUNDLE_IDENTIFIER = com.linnefromice.TCATutorialNavigation;
				PRODUCT_NAME = "$(TARGET_NAME)";
				SWIFT_EMIT_LOC_STRINGS = YES;
				SWIFT_VERSION = 5.0;
				TARGETED_DEVICE_FAMILY = "1,2";
			};
			name = Debug;
		};
		C108EECA2CCFE00000FCB1AC /* Release */ = {
			isa = XCBuildConfiguration;
			buildSettings = {
				ASSETCATALOG_COMPILER_APPICON_NAME = AppIcon;
				ASSETCATALOG_COMPILER_GLOBAL_ACCENT_COLOR_NAME = AccentColor;
				CODE_SIGN_STYLE = Automatic;
				CURRENT_PROJECT_VERSION = 1;
				DEVELOPMENT_ASSET_PATHS = "\"TCATutorialNavigation/Preview Content\"";
				ENABLE_PREVIEWS = YES;
				GENERATE_INFOPLIST_FILE = YES;
				INFOPLIST_KEY_UIApplicationSceneManifest_Generation = YES;
				INFOPLIST_KEY_UIApplicationSupportsIndirectInputEvents = YES;
				INFOPLIST_KEY_UILaunchScreen_Generation = YES;
				INFOPLIST_KEY_UISupportedInterfaceOrientations_iPad = "UIInterfaceOrientationPortrait UIInterfaceOrientationPortraitUpsideDown UIInterfaceOrientationLandscapeLeft UIInterfaceOrientationLandscapeRight";
				INFOPLIST_KEY_UISupportedInterfaceOrientations_iPhone = "UIInterfaceOrientationPortrait UIInterfaceOrientationLandscapeLeft UIInterfaceOrientationLandscapeRight";
				LD_RUNPATH_SEARCH_PATHS = (
					"$(inherited)",
					"@executable_path/Frameworks",
				);
				MARKETING_VERSION = 1.0;
				PRODUCT_BUNDLE_IDENTIFIER = com.linnefromice.TCATutorialNavigation;
				PRODUCT_NAME = "$(TARGET_NAME)";
				SWIFT_EMIT_LOC_STRINGS = YES;
				SWIFT_VERSION = 5.0;
				TARGETED_DEVICE_FAMILY = "1,2";
			};
			name = Release;
		};
		C108EECC2CCFE00000FCB1AC /* Debug */ = {
			isa = XCBuildConfiguration;
			buildSettings = {
				BUNDLE_LOADER = "$(TEST_HOST)";
				CODE_SIGN_STYLE = Automatic;
				CURRENT_PROJECT_VERSION = 1;
				GENERATE_INFOPLIST_FILE = YES;
				IPHONEOS_DEPLOYMENT_TARGET = 18.0;
				MARKETING_VERSION = 1.0;
				PRODUCT_BUNDLE_IDENTIFIER = com.linnefromice.TCATutorialNavigationTests;
				PRODUCT_NAME = "$(TARGET_NAME)";
				SWIFT_EMIT_LOC_STRINGS = NO;
				SWIFT_VERSION = 5.0;
				TARGETED_DEVICE_FAMILY = "1,2";
				TEST_HOST = "$(BUILT_PRODUCTS_DIR)/TCATutorialNavigation.app/$(BUNDLE_EXECUTABLE_FOLDER_PATH)/TCATutorialNavigation";
			};
			name = Debug;
		};
		C108EECD2CCFE00000FCB1AC /* Release */ = {
			isa = XCBuildConfiguration;
			buildSettings = {
				BUNDLE_LOADER = "$(TEST_HOST)";
				CODE_SIGN_STYLE = Automatic;
				CURRENT_PROJECT_VERSION = 1;
				GENERATE_INFOPLIST_FILE = YES;
				IPHONEOS_DEPLOYMENT_TARGET = 18.0;
				MARKETING_VERSION = 1.0;
				PRODUCT_BUNDLE_IDENTIFIER = com.linnefromice.TCATutorialNavigationTests;
				PRODUCT_NAME = "$(TARGET_NAME)";
				SWIFT_EMIT_LOC_STRINGS = NO;
				SWIFT_VERSION = 5.0;
				TARGETED_DEVICE_FAMILY = "1,2";
				TEST_HOST = "$(BUILT_PRODUCTS_DIR)/TCATutorialNavigation.app/$(BUNDLE_EXECUTABLE_FOLDER_PATH)/TCATutorialNavigation";
			};
			name = Release;
		};
		C108EECF2CCFE00000FCB1AC /* Debug */ = {
			isa = XCBuildConfiguration;
			buildSettings = {
				CODE_SIGN_STYLE = Automatic;
				CURRENT_PROJECT_VERSION = 1;
				GENERATE_INFOPLIST_FILE = YES;
				MARKETING_VERSION = 1.0;
				PRODUCT_BUNDLE_IDENTIFIER = com.linnefromice.TCATutorialNavigationUITests;
				PRODUCT_NAME = "$(TARGET_NAME)";
				SWIFT_EMIT_LOC_STRINGS = NO;
				SWIFT_VERSION = 5.0;
				TARGETED_DEVICE_FAMILY = "1,2";
				TEST_TARGET_NAME = TCATutorialNavigation;
			};
			name = Debug;
		};
		C108EED02CCFE00000FCB1AC /* Release */ = {
			isa = XCBuildConfiguration;
			buildSettings = {
				CODE_SIGN_STYLE = Automatic;
				CURRENT_PROJECT_VERSION = 1;
				GENERATE_INFOPLIST_FILE = YES;
				MARKETING_VERSION = 1.0;
				PRODUCT_BUNDLE_IDENTIFIER = com.linnefromice.TCATutorialNavigationUITests;
				PRODUCT_NAME = "$(TARGET_NAME)";
				SWIFT_EMIT_LOC_STRINGS = NO;
				SWIFT_VERSION = 5.0;
				TARGETED_DEVICE_FAMILY = "1,2";
				TEST_TARGET_NAME = TCATutorialNavigation;
			};
			name = Release;
		};
/* End XCBuildConfiguration section */

/* Begin XCConfigurationList section */
		C108EE9F2CCFDFFF00FCB1AC /* Build configuration list for PBXProject "TCATutorialNavigation" */ = {
			isa = XCConfigurationList;
			buildConfigurations = (
				C108EEC62CCFE00000FCB1AC /* Debug */,
				C108EEC72CCFE00000FCB1AC /* Release */,
			);
			defaultConfigurationIsVisible = 0;
			defaultConfigurationName = Release;
		};
		C108EEC82CCFE00000FCB1AC /* Build configuration list for PBXNativeTarget "TCATutorialNavigation" */ = {
			isa = XCConfigurationList;
			buildConfigurations = (
				C108EEC92CCFE00000FCB1AC /* Debug */,
				C108EECA2CCFE00000FCB1AC /* Release */,
			);
			defaultConfigurationIsVisible = 0;
			defaultConfigurationName = Release;
		};
		C108EECB2CCFE00000FCB1AC /* Build configuration list for PBXNativeTarget "TCATutorialNavigationTests" */ = {
			isa = XCConfigurationList;
			buildConfigurations = (
				C108EECC2CCFE00000FCB1AC /* Debug */,
				C108EECD2CCFE00000FCB1AC /* Release */,
			);
			defaultConfigurationIsVisible = 0;
			defaultConfigurationName = Release;
		};
		C108EECE2CCFE00000FCB1AC /* Build configuration list for PBXNativeTarget "TCATutorialNavigationUITests" */ = {
			isa = XCConfigurationList;
			buildConfigurations = (
				C108EECF2CCFE00000FCB1AC /* Debug */,
				C108EED02CCFE00000FCB1AC /* Release */,
			);
			defaultConfigurationIsVisible = 0;
			defaultConfigurationName = Release;
		};
/* End XCConfigurationList section */

/* Begin XCRemoteSwiftPackageReference section */
		C108EED12CCFE0FA00FCB1AC /* XCRemoteSwiftPackageReference "swift-composable-architecture" */ = {
			isa = XCRemoteSwiftPackageReference;
			repositoryURL = "https://github.com/pointfreeco/swift-composable-architecture";
			requirement = {
				kind = upToNextMajorVersion;
				minimumVersion = 1.15.2;
			};
		};
/* End XCRemoteSwiftPackageReference section */

/* Begin XCSwiftPackageProductDependency section */
		C108EEFC2CCFE51600FCB1AC /* ComposableArchitecture */ = {
			isa = XCSwiftPackageProductDependency;
			package = C108EED12CCFE0FA00FCB1AC /* XCRemoteSwiftPackageReference "swift-composable-architecture" */;
			productName = ComposableArchitecture;
		};
/* End XCSwiftPackageProductDependency section */
	};
	rootObject = C108EE9C2CCFDFFF00FCB1AC /* Project object */;
}
